
Microsoft Visual Studio Solution File, Format Version 12.00
# Visual Studio Version 16
VisualStudioVersion = 16.0.31829.152
MinimumVisualStudioVersion = 10.0.40219.1
Project("{FAE04EC0-301F-11D3-BF4B-00C04F79EFBC}") = "Client", "Client\Client.csproj", "{52892811-FACE-4A06-84BB-442D393E9B04}"
EndProject
Global
	GlobalSection(SolutionConfigurationPlatforms) = preSolution
		Debug|Any CPU = Debug|Any CPU
		Release|Any CPU = Release|Any CPU
	EndGlobalSection
	GlobalSection(ProjectConfigurationPlatforms) = postSolution
		{52892811-FACE-4A06-84BB-442D393E9B04}.Debug|Any CPU.ActiveCfg = Debug|Any CPU
		{52892811-FACE-4A06-84BB-442D393E9B04}.Debug|Any CPU.Build.0 = Debug|Any CPU
		{52892811-FACE-4A06-84BB-442D393E9B04}.Release|Any CPU.ActiveCfg = Release|Any CPU
		{52892811-FACE-4A06-84BB-442D393E9B04}.Release|Any CPU.Build.0 = Release|Any CPU
	EndGlobalSection
	GlobalSection(SolutionProperties) = preSolution
		HideSolutionNode = FALSE
	EndGlobalSection
	GlobalSection(ExtensibilityGlobals) = postSolution
		SolutionGuid = {6DD04391-E8EF-4C20-8050-73DA75D40DE6}
	EndGlobalSection
EndGlobal
